
Microsoft Visual Studio Solution File, Format Version 11.00
# Visual Studio 2010
Project("{FAE04EC0-301F-11D3-BF4B-00C04F79EFBC}") = "ArithmeticCoding", "ArithmeticCoding\ArithmeticCoding.csproj", "{F61BA6E7-FBE8-458B-94C6-26F556F20F4F}"
EndProject
Project("{FAE04EC0-301F-11D3-BF4B-00C04F79EFBC}") = "ArithmeticCoding.Console", "ArithmeticCoding.Console\ArithmeticCoding.Console.csproj", "{150F4438-0D4D-4E3F-9607-01C3D9DF4DB2}"
EndProject
Global
	GlobalSection(SolutionConfigurationPlatforms) = preSolution
		Debug|Any CPU = Debug|Any CPU
		Debug|Mixed Platforms = Debug|Mixed Platforms
		Debug|x86 = Debug|x86
		Release|Any CPU = Release|Any CPU
		Release|Mixed Platforms = Release|Mixed Platforms
		Release|x86 = Release|x86
	EndGlobalSection
	GlobalSection(ProjectConfigurationPlatforms) = postSolution
		{F61BA6E7-FBE8-458B-94C6-26F556F20F4F}.Debug|Any CPU.ActiveCfg = Debug|Any CPU
		{F61BA6E7-FBE8-458B-94C6-26F556F20F4F}.Debug|Any CPU.Build.0 = Debug|Any CPU
		{F61BA6E7-FBE8-458B-94C6-26F556F20F4F}.Debug|Mixed Platforms.ActiveCfg = Debug|Any CPU
		{F61BA6E7-FBE8-458B-94C6-26F556F20F4F}.Debug|Mixed Platforms.Build.0 = Debug|Any CPU
		{F61BA6E7-FBE8-458B-94C6-26F556F20F4F}.Debug|x86.ActiveCfg = Debug|Any CPU
		{F61BA6E7-FBE8-458B-94C6-26F556F20F4F}.Release|Any CPU.ActiveCfg = Release|Any CPU
		{F61BA6E7-FBE8-458B-94C6-26F556F20F4F}.Release|Any CPU.Build.0 = Release|Any CPU
		{F61BA6E7-FBE8-458B-94C6-26F556F20F4F}.Release|Mixed Platforms.ActiveCfg = Release|Any CPU
		{F61BA6E7-FBE8-458B-94C6-26F556F20F4F}.Release|Mixed Platforms.Build.0 = Release|Any CPU
		{F61BA6E7-FBE8-458B-94C6-26F556F20F4F}.Release|x86.ActiveCfg = Release|Any CPU
		{150F4438-0D4D-4E3F-9607-01C3D9DF4DB2}.Debug|Any CPU.ActiveCfg = Debug|x86
		{150F4438-0D4D-4E3F-9607-01C3D9DF4DB2}.Debug|Mixed Platforms.ActiveCfg = Debug|x86
		{150F4438-0D4D-4E3F-9607-01C3D9DF4DB2}.Debug|Mixed Platforms.Build.0 = Debug|x86
		{150F4438-0D4D-4E3F-9607-01C3D9DF4DB2}.Debug|x86.ActiveCfg = Debug|x86
		{150F4438-0D4D-4E3F-9607-01C3D9DF4DB2}.Debug|x86.Build.0 = Debug|x86
		{150F4438-0D4D-4E3F-9607-01C3D9DF4DB2}.Release|Any CPU.ActiveCfg = Release|x86
		{150F4438-0D4D-4E3F-9607-01C3D9DF4DB2}.Release|Mixed Platforms.ActiveCfg = Release|x86
		{150F4438-0D4D-4E3F-9607-01C3D9DF4DB2}.Release|Mixed Platforms.Build.0 = Release|x86
		{150F4438-0D4D-4E3F-9607-01C3D9DF4DB2}.Release|x86.ActiveCfg = Release|x86
		{150F4438-0D4D-4E3F-9607-01C3D9DF4DB2}.Release|x86.Build.0 = Release|x86
	EndGlobalSection
	GlobalSection(SolutionProperties) = preSolution
		HideSolutionNode = FALSE
	EndGlobalSection
EndGlobal
